
Microsoft Visual Studio Solution File, Format Version 12.00
# Visual Studio 15
VisualStudioVersion = 15.0.26124.0
MinimumVisualStudioVersion = 15.0.26124.0
Project("{FAE04EC0-301F-11D3-BF4B-00C04F79EFBC}") = "API", "API\API.csproj", "{634983C2-10B6-4D95-85CD-144922AB9EF8}"
EndProject
Project("{FAE04EC0-301F-11D3-BF4B-00C04F79EFBC}") = "Core", "Core\Core.csproj", "{EBFA4815-95BF-4795-9A38-9D3E8E96558A}"
EndProject
Project("{FAE04EC0-301F-11D3-BF4B-00C04F79EFBC}") = "Infrastructure", "Infrastructure\Infrastructure.csproj", "{D2D79FB5-3BB3-45DC-92D9-A977F3A93897}"
EndProject
Global
	GlobalSection(SolutionConfigurationPlatforms) = preSolution
		Debug|Any CPU = Debug|Any CPU
		Debug|x64 = Debug|x64
		Debug|x86 = Debug|x86
		Release|Any CPU = Release|Any CPU
		Release|x64 = Release|x64
		Release|x86 = Release|x86
	EndGlobalSection
	GlobalSection(SolutionProperties) = preSolution
		HideSolutionNode = FALSE
	EndGlobalSection
	GlobalSection(ProjectConfigurationPlatforms) = postSolution
		{634983C2-10B6-4D95-85CD-144922AB9EF8}.Debug|Any CPU.ActiveCfg = Debug|Any CPU
		{634983C2-10B6-4D95-85CD-144922AB9EF8}.Debug|Any CPU.Build.0 = Debug|Any CPU
		{634983C2-10B6-4D95-85CD-144922AB9EF8}.Debug|x64.ActiveCfg = Debug|Any CPU
		{634983C2-10B6-4D95-85CD-144922AB9EF8}.Debug|x64.Build.0 = Debug|Any CPU
		{634983C2-10B6-4D95-85CD-144922AB9EF8}.Debug|x86.ActiveCfg = Debug|Any CPU
		{634983C2-10B6-4D95-85CD-144922AB9EF8}.Debug|x86.Build.0 = Debug|Any CPU
		{634983C2-10B6-4D95-85CD-144922AB9EF8}.Release|Any CPU.ActiveCfg = Release|Any CPU
		{634983C2-10B6-4D95-85CD-144922AB9EF8}.Release|Any CPU.Build.0 = Release|Any CPU
		{634983C2-10B6-4D95-85CD-144922AB9EF8}.Release|x64.ActiveCfg = Release|Any CPU
		{634983C2-10B6-4D95-85CD-144922AB9EF8}.Release|x64.Build.0 = Release|Any CPU
		{634983C2-10B6-4D95-85CD-144922AB9EF8}.Release|x86.ActiveCfg = Release|Any CPU
		{634983C2-10B6-4D95-85CD-144922AB9EF8}.Release|x86.Build.0 = Release|Any CPU
		{EBFA4815-95BF-4795-9A38-9D3E8E96558A}.Debug|Any CPU.ActiveCfg = Debug|Any CPU
		{EBFA4815-95BF-4795-9A38-9D3E8E96558A}.Debug|Any CPU.Build.0 = Debug|Any CPU
		{EBFA4815-95BF-4795-9A38-9D3E8E96558A}.Debug|x64.ActiveCfg = Debug|Any CPU
		{EBFA4815-95BF-4795-9A38-9D3E8E96558A}.Debug|x64.Build.0 = Debug|Any CPU
		{EBFA4815-95BF-4795-9A38-9D3E8E96558A}.Debug|x86.ActiveCfg = Debug|Any CPU
		{EBFA4815-95BF-4795-9A38-9D3E8E96558A}.Debug|x86.Build.0 = Debug|Any CPU
		{EBFA4815-95BF-4795-9A38-9D3E8E96558A}.Release|Any CPU.ActiveCfg = Release|Any CPU
		{EBFA4815-95BF-4795-9A38-9D3E8E96558A}.Release|Any CPU.Build.0 = Release|Any CPU
		{EBFA4815-95BF-4795-9A38-9D3E8E96558A}.Release|x64.ActiveCfg = Release|Any CPU
		{EBFA4815-95BF-4795-9A38-9D3E8E96558A}.Release|x64.Build.0 = Release|Any CPU
		{EBFA4815-95BF-4795-9A38-9D3E8E96558A}.Release|x86.ActiveCfg = Release|Any CPU
		{EBFA4815-95BF-4795-9A38-9D3E8E96558A}.Release|x86.Build.0 = Release|Any CPU
		{D2D79FB5-3BB3-45DC-92D9-A977F3A93897}.Debug|Any CPU.ActiveCfg = Debug|Any CPU
		{D2D79FB5-3BB3-45DC-92D9-A977F3A93897}.Debug|Any CPU.Build.0 = Debug|Any CPU
		{D2D79FB5-3BB3-45DC-92D9-A977F3A93897}.Debug|x64.ActiveCfg = Debug|Any CPU
		{D2D79FB5-3BB3-45DC-92D9-A977F3A93897}.Debug|x64.Build.0 = Debug|Any CPU
		{D2D79FB5-3BB3-45DC-92D9-A977F3A93897}.Debug|x86.ActiveCfg = Debug|Any CPU
		{D2D79FB5-3BB3-45DC-92D9-A977F3A93897}.Debug|x86.Build.0 = Debug|Any CPU
		{D2D79FB5-3BB3-45DC-92D9-A977F3A93897}.Release|Any CPU.ActiveCfg = Release|Any CPU
		{D2D79FB5-3BB3-45DC-92D9-A977F3A93897}.Release|Any CPU.Build.0 = Release|Any CPU
		{D2D79FB5-3BB3-45DC-92D9-A977F3A93897}.Release|x64.ActiveCfg = Release|Any CPU
		{D2D79FB5-3BB3-45DC-92D9-A977F3A93897}.Release|x64.Build.0 = Release|Any CPU
		{D2D79FB5-3BB3-45DC-92D9-A977F3A93897}.Release|x86.ActiveCfg = Release|Any CPU
		{D2D79FB5-3BB3-45DC-92D9-A977F3A93897}.Release|x86.Build.0 = Release|Any CPU
	EndGlobalSection
EndGlobal
